
Microsoft Visual Studio Solution File, Format Version 12.00
# Visual Studio 14
VisualStudioVersion = 14.0.25123.0
MinimumVisualStudioVersion = 10.0.40219.1
Project("{FAE04EC0-301F-11D3-BF4B-00C04F79EFBC}") = "TwitchChatClient", "TwitchChatClient\TwitchChatClient.csproj", "{FC9F4319-013D-4436-9DAE-C72FAE8B94E9}"
EndProject
Project("{FAE04EC0-301F-11D3-BF4B-00C04F79EFBC}") = "TwitchChatClient.Logic", "TwitchChatClient.Logic\TwitchChatClient.Logic.csproj", "{3420A1C7-570E-4A62-A478-A09A33704504}"
EndProject
Project("{FAE04EC0-301F-11D3-BF4B-00C04F79EFBC}") = "TwtichChatClient.Logic.Tests", "TwtichChatClient.Logic.Tests\TwtichChatClient.Logic.Tests.csproj", "{01E544BF-22AB-4323-BC4F-82531CC79641}"
EndProject
Project("{FAE04EC0-301F-11D3-BF4B-00C04F79EFBC}") = "TwtichChatClient.Model", "TwtichChatClient.Model\TwtichChatClient.Model.csproj", "{EC5BDBF7-F797-4B8E-939A-8417B6A2D498}"
EndProject
Project("{FAE04EC0-301F-11D3-BF4B-00C04F79EFBC}") = "TwitchChatClient.Dumper", "TwitchChatClient.Dumper\TwitchChatClient.Dumper.csproj", "{A1FD13F8-970E-4EB6-80D3-B5FAAE0E817C}"
EndProject
Project("{FAE04EC0-301F-11D3-BF4B-00C04F79EFBC}") = "TwitchChatClient.Model.Tests", "TwitchChatClient.Model.Tests\TwitchChatClient.Model.Tests.csproj", "{29E40FAC-06DB-43EE-8D83-EEE48395CDD5}"
EndProject
Global
	GlobalSection(SolutionConfigurationPlatforms) = preSolution
		Debug|Any CPU = Debug|Any CPU
		Release|Any CPU = Release|Any CPU
	EndGlobalSection
	GlobalSection(ProjectConfigurationPlatforms) = postSolution
		{FC9F4319-013D-4436-9DAE-C72FAE8B94E9}.Debug|Any CPU.ActiveCfg = Debug|Any CPU
		{FC9F4319-013D-4436-9DAE-C72FAE8B94E9}.Debug|Any CPU.Build.0 = Debug|Any CPU
		{FC9F4319-013D-4436-9DAE-C72FAE8B94E9}.Release|Any CPU.ActiveCfg = Release|Any CPU
		{FC9F4319-013D-4436-9DAE-C72FAE8B94E9}.Release|Any CPU.Build.0 = Release|Any CPU
		{3420A1C7-570E-4A62-A478-A09A33704504}.Debug|Any CPU.ActiveCfg = Debug|Any CPU
		{3420A1C7-570E-4A62-A478-A09A33704504}.Debug|Any CPU.Build.0 = Debug|Any CPU
		{3420A1C7-570E-4A62-A478-A09A33704504}.Release|Any CPU.ActiveCfg = Release|Any CPU
		{3420A1C7-570E-4A62-A478-A09A33704504}.Release|Any CPU.Build.0 = Release|Any CPU
		{01E544BF-22AB-4323-BC4F-82531CC79641}.Debug|Any CPU.ActiveCfg = Debug|Any CPU
		{01E544BF-22AB-4323-BC4F-82531CC79641}.Debug|Any CPU.Build.0 = Debug|Any CPU
		{01E544BF-22AB-4323-BC4F-82531CC79641}.Release|Any CPU.ActiveCfg = Release|Any CPU
		{01E544BF-22AB-4323-BC4F-82531CC79641}.Release|Any CPU.Build.0 = Release|Any CPU
		{EC5BDBF7-F797-4B8E-939A-8417B6A2D498}.Debug|Any CPU.ActiveCfg = Debug|Any CPU
		{EC5BDBF7-F797-4B8E-939A-8417B6A2D498}.Debug|Any CPU.Build.0 = Debug|Any CPU
		{EC5BDBF7-F797-4B8E-939A-8417B6A2D498}.Release|Any CPU.ActiveCfg = Release|Any CPU
		{EC5BDBF7-F797-4B8E-939A-8417B6A2D498}.Release|Any CPU.Build.0 = Release|Any CPU
		{A1FD13F8-970E-4EB6-80D3-B5FAAE0E817C}.Debug|Any CPU.ActiveCfg = Debug|Any CPU
		{A1FD13F8-970E-4EB6-80D3-B5FAAE0E817C}.Debug|Any CPU.Build.0 = Debug|Any CPU
		{A1FD13F8-970E-4EB6-80D3-B5FAAE0E817C}.Release|Any CPU.ActiveCfg = Release|Any CPU
		{A1FD13F8-970E-4EB6-80D3-B5FAAE0E817C}.Release|Any CPU.Build.0 = Release|Any CPU
		{29E40FAC-06DB-43EE-8D83-EEE48395CDD5}.Debug|Any CPU.ActiveCfg = Debug|Any CPU
		{29E40FAC-06DB-43EE-8D83-EEE48395CDD5}.Debug|Any CPU.Build.0 = Debug|Any CPU
		{29E40FAC-06DB-43EE-8D83-EEE48395CDD5}.Release|Any CPU.ActiveCfg = Release|Any CPU
		{29E40FAC-06DB-43EE-8D83-EEE48395CDD5}.Release|Any CPU.Build.0 = Release|Any CPU
	EndGlobalSection
	GlobalSection(SolutionProperties) = preSolution
		HideSolutionNode = FALSE
	EndGlobalSection
EndGlobal
